PODS:
  - AFNetworkActivityLogger (2.0.4):
    - AFNetworking/NSURLConnection (~> 2.0)
    - AFNetworking/NSURLSession (~> 2.0)
  - AFNetworking/NSURLConnection (2.5.1):
    - AFNetworking/Reachability
    - AFNetworking/Security
    - AFNetworking/Serialization
  - AFNetworking/NSURLSession (2.5.1):
    - AFNetworking/Reachability
    - AFNetworking/Security
    - AFNetworking/Serialization
  - AFNetworking/Reachability (2.5.1)
  - AFNetworking/Security (2.5.1)
  - AFNetworking/Serialization (2.5.1)
  - ReactiveCocoa (2.4.7):
    - ReactiveCocoa/UI (= 2.4.7)
  - ReactiveCocoa/Core (2.4.7):
    - ReactiveCocoa/no-arc
  - ReactiveCocoa/no-arc (2.4.7)
  - ReactiveCocoa/UI (2.4.7):
    - ReactiveCocoa/Core

DEPENDENCIES:
  - AFNetworkActivityLogger (~> 2.0.0)
  - ReactiveCocoa (~> 2.4.0)

SPEC CHECKSUMS:
  AFNetworkActivityLogger: cdaa92ea0d544835babe0ba097e7806182d8f837
  AFNetworking: 8bee59492a6ff15d69130efa4d0dc67e0094a52a
  ReactiveCocoa: 313fc53cc9aeb2bbbc3f5f13c7eac16478d9af8f

COCOAPODS: 0.36.0
